// !$*UTF8*$!
{
	archiveVersion = 1;
	classes = {
	};
	objectVersion = 46;
	objects = {

/* Begin PBXBuildFile section */
		04795FB81AE95CE000A47E0E /* main.m in Sources */ = {isa = PBXBuildFile; fileRef = 04795FB71AE95CE000A47E0E /* main.m */; };
		04795FBB1AE95CE000A47E0E /* AppDelegate.m in Sources */ = {isa = PBXBuildFile; fileRef = 04795FBA1AE95CE000A47E0E /* AppDelegate.m */; };
		04795FBE1AE95CE000A47E0E /* ViewController.m in Sources */ = {isa = PBXBuildFile; fileRef = 04795FBD1AE95CE000A47E0E /* ViewController.m */; };
		04795FC11AE95CE000A47E0E /* Main.storyboard in Resources */ = {isa = PBXBuildFile; fileRef = 04795FBF1AE95CE000A47E0E /* Main.storyboard */; };
		04795FC31AE95CE000A47E0E /* Images.xcassets in Resources */ = {isa = PBXBuildFile; fileRef = 04795FC21AE95CE000A47E0E /* Images.xcassets */; };
		04795FC61AE95CE000A47E0E /* LaunchScreen.xib in Resources */ = {isa = PBXBuildFile; fileRef = 04795FC41AE95CE000A47E0E /* LaunchScreen.xib */; };
		04795FD21AE95CE100A47E0E /* Lesson_8Tests.m in Sources */ = {isa = PBXBuildFile; fileRef = 04795FD11AE95CE100A47E0E /* Lesson_8Tests.m */; };
		7A15A1491AF29DE400CE0AC4 /* IBCustomTableViewCell.m in Sources */ = {isa = PBXBuildFile; fileRef = 7A15A1481AF29DE400CE0AC4 /* IBCustomTableViewCell.m */; };
		7A15A14B1AF2A04500CE0AC4 /* QuartzCore.framework in Frameworks */ = {isa = PBXBuildFile; fileRef = 7A15A14A1AF2A04500CE0AC4 /* QuartzCore.framework */; };
		7A15A14D1AF2A04D00CE0AC4 /* CoreGraphics.framework in Frameworks */ = {isa = PBXBuildFile; fileRef = 7A15A14C1AF2A04D00CE0AC4 /* CoreGraphics.framework */; };
		7A15A14F1AF2A05400CE0AC4 /* Foundation.framework in Frameworks */ = {isa = PBXBuildFile; fileRef = 7A15A14E1AF2A05400CE0AC4 /* Foundation.framework */; };
		7A15A1511AF2A05900CE0AC4 /* UIKit.framework in Frameworks */ = {isa = PBXBuildFile; fileRef = 7A15A1501AF2A05900CE0AC4 /* UIKit.framework */; };
		7A71CB611AEDADB90025517F /* IBDetailViewController.m in Sources */ = {isa = PBXBuildFile; fileRef = 7A71CB601AEDADB90025517F /* IBDetailViewController.m */; };
		7A71CB671AEDBF000025517F /* A8.jpg in Resources */ = {isa = PBXBuildFile; fileRef = 7A71CB641AEDBF000025517F /* A8.jpg */; };
		7A77B04B1AF3DDF9001D9F32 /* A6.jpg in Resources */ = {isa = PBXBuildFile; fileRef = 7A77B0491AF3DDF9001D9F32 /* A6.jpg */; };
		7A77B04E1AF3DE92001D9F32 /* A7.jpg in Resources */ = {isa = PBXBuildFile; fileRef = 7A77B04D1AF3DE92001D9F32 /* A7.jpg */; };
		7A77B0531AF3E20D001D9F32 /* GLA.jpg in Resources */ = {isa = PBXBuildFile; fileRef = 7A77B0501AF3E20D001D9F32 /* GLA.jpg */; };
		7A77B0541AF3E20D001D9F32 /* CLS.jpg in Resources */ = {isa = PBXBuildFile; fileRef = 7A77B0511AF3E20D001D9F32 /* CLS.jpg */; };
		7A77B0551AF3E20D001D9F32 /* S.jpg in Resources */ = {isa = PBXBuildFile; fileRef = 7A77B0521AF3E20D001D9F32 /* S.jpg */; };
		7A77B05A1AF3FD37001D9F32 /* MenuViewController.m in Sources */ = {isa = PBXBuildFile; fileRef = 7A77B0591AF3FD37001D9F32 /* MenuViewController.m */; };
		7A793E3C1AF7CEE800205869 /* IBMakeArrays.m in Sources */ = {isa = PBXBuildFile; fileRef = 7A793E3B1AF7CEE800205869 /* IBMakeArrays.m */; };
		7ACA3E071AF52D0200102F57 /* Animation.m in Sources */ = {isa = PBXBuildFile; fileRef = 7ACA3E061AF52D0200102F57 /* Animation.m */; };
/* End PBXBuildFile section */

/* Begin PBXContainerItemProxy section */
		04795FCC1AE95CE100A47E0E /* PBXContainerItemProxy */ = {
			isa = PBXContainerItemProxy;
			containerPortal = 04795FAA1AE95CE000A47E0E /* Project object */;
			proxyType = 1;
			remoteGlobalIDString = 04795FB11AE95CE000A47E0E;
			remoteInfo = "Lesson 8";
		};
/* End PBXContainerItemProxy section */

/* Begin PBXFileReference section */
		04795FB21AE95CE000A47E0E /* Lesson 8.app */ = {isa = PBXFileReference; explicitFileType = wrapper.application; includeInIndex = 0; path = "Lesson 8.app"; sourceTree = BUILT_PRODUCTS_DIR; };
		04795FB61AE95CE000A47E0E /* Info.plist */ = {isa = PBXFileReference; lastKnownFileType = text.plist.xml; path = Info.plist; sourceTree = "<group>"; };
		04795FB71AE95CE000A47E0E /* main.m */ = {isa = PBXFileReference; lastKnownFileType = sourcecode.c.objc; path = main.m; sourceTree = "<group>"; };
		04795FB91AE95CE000A47E0E /* AppDelegate.h */ = {isa = PBXFileReference; lastKnownFileType = sourcecode.c.h; path = AppDelegate.h; sourceTree = "<group>"; };
		04795FBA1AE95CE000A47E0E /* AppDelegate.m */ = {isa = PBXFileReference; lastKnownFileType = sourcecode.c.objc; path = AppDelegate.m; sourceTree = "<group>"; };
		04795FBC1AE95CE000A47E0E /* ViewController.h */ = {isa = PBXFileReference; lastKnownFileType = sourcecode.c.h; path = ViewController.h; sourceTree = "<group>"; };
		04795FBD1AE95CE000A47E0E /* ViewController.m */ = {isa = PBXFileReference; lastKnownFileType = sourcecode.c.objc; path = ViewController.m; sourceTree = "<group>"; };
		04795FC01AE95CE000A47E0E /* Base */ = {isa = PBXFileReference; lastKnownFileType = file.storyboard; name = Base; path = Base.lproj/Main.storyboard; sourceTree = "<group>"; };
		04795FC21AE95CE000A47E0E /* Images.xcassets */ = {isa = PBXFileReference; lastKnownFileType = folder.assetcatalog; path = Images.xcassets; sourceTree = "<group>"; };
		04795FC51AE95CE000A47E0E /* Base */ = {isa = PBXFileReference; lastKnownFileType = file.xib; name = Base; path = Base.lproj/LaunchScreen.xib; sourceTree = "<group>"; };
		04795FCB1AE95CE100A47E0E /* Lesson 8Tests.xctest */ = {isa = PBXFileReference; explicitFileType = wrapper.cfbundle; includeInIndex = 0; path = "Lesson 8Tests.xctest"; sourceTree = BUILT_PRODUCTS_DIR; };
		04795FD01AE95CE100A47E0E /* Info.plist */ = {isa = PBXFileReference; lastKnownFileType = text.plist.xml; path = Info.plist; sourceTree = "<group>"; };
		04795FD11AE95CE100A47E0E /* Lesson_8Tests.m */ = {isa = PBXFileReference; lastKnownFileType = sourcecode.c.objc; path = Lesson_8Tests.m; sourceTree = "<group>"; };
		7A15A1471AF29DE400CE0AC4 /* IBCustomTableViewCell.h */ = {isa = PBXFileReference; fileEncoding = 4; lastKnownFileType = sourcecode.c.h; path = IBCustomTableViewCell.h; sourceTree = "<group>"; };
		7A15A1481AF29DE400CE0AC4 /* IBCustomTableViewCell.m */ = {isa = PBXFileReference; fileEncoding = 4; lastKnownFileType = sourcecode.c.objc; path = IBCustomTableViewCell.m; sourceTree = "<group>"; };
		7A15A14A1AF2A04500CE0AC4 /* QuartzCore.framework */ = {isa = PBXFileReference; lastKnownFileType = wrapper.framework; name = QuartzCore.framework; path = System/Library/Frameworks/QuartzCore.framework; sourceTree = SDKROOT; };
		7A15A14C1AF2A04D00CE0AC4 /* CoreGraphics.framework */ = {isa = PBXFileReference; lastKnownFileType = wrapper.framework; name = CoreGraphics.framework; path = System/Library/Frameworks/CoreGraphics.framework; sourceTree = SDKROOT; };
		7A15A14E1AF2A05400CE0AC4 /* Foundation.framework */ = {isa = PBXFileReference; lastKnownFileType = wrapper.framework; name = Foundation.framework; path = System/Library/Frameworks/Foundation.framework; sourceTree = SDKROOT; };
		7A15A1501AF2A05900CE0AC4 /* UIKit.framework */ = {isa = PBXFileReference; lastKnownFileType = wrapper.framework; name = UIKit.framework; path = System/Library/Frameworks/UIKit.framework; sourceTree = SDKROOT; };
		7A71CB5F1AEDADB90025517F /* IBDetailViewController.h */ = {isa = PBXFileReference; fileEncoding = 4; lastKnownFileType = sourcecode.c.h; path = IBDetailViewController.h; sourceTree = "<group>"; };
		7A71CB601AEDADB90025517F /* IBDetailViewController.m */ = {isa = PBXFileReference; fileEncoding = 4; lastKnownFileType = sourcecode.c.objc; path = IBDetailViewController.m; sourceTree = "<group>"; };
		7A71CB641AEDBF000025517F /* A8.jpg */ = {isa = PBXFileReference; lastKnownFileType = image.jpeg; path = A8.jpg; sourceTree = "<group>"; };
		7A77B0491AF3DDF9001D9F32 /* A6.jpg */ = {isa = PBXFileReference; lastKnownFileType = image.jpeg; path = A6.jpg; sourceTree = "<group>"; };
		7A77B04D1AF3DE92001D9F32 /* A7.jpg */ = {isa = PBXFileReference; lastKnownFileType = image.jpeg; path = A7.jpg; sourceTree = "<group>"; };
		7A77B0501AF3E20D001D9F32 /* GLA.jpg */ = {isa = PBXFileReference; lastKnownFileType = image.jpeg; path = GLA.jpg; sourceTree = "<group>"; };
		7A77B0511AF3E20D001D9F32 /* CLS.jpg */ = {isa = PBXFileReference; lastKnownFileType = image.jpeg; path = CLS.jpg; sourceTree = "<group>"; };
		7A77B0521AF3E20D001D9F32 /* S.jpg */ = {isa = PBXFileReference; lastKnownFileType = image.jpeg; path = S.jpg; sourceTree = "<group>"; };
		7A77B0581AF3FD37001D9F32 /* MenuViewController.h */ = {isa = PBXFileReference; fileEncoding = 4; lastKnownFileType = sourcecode.c.h; path = MenuViewController.h; sourceTree = "<group>"; };
		7A77B0591AF3FD37001D9F32 /* MenuViewController.m */ = {isa = PBXFileReference; fileEncoding = 4; lastKnownFileType = sourcecode.c.objc; path = MenuViewController.m; sourceTree = "<group>"; };
		7A793E3A1AF7CEE800205869 /* IBMakeArrays.h */ = {isa = PBXFileReference; fileEncoding = 4; lastKnownFileType = sourcecode.c.h; path = IBMakeArrays.h; sourceTree = "<group>"; };
		7A793E3B1AF7CEE800205869 /* IBMakeArrays.m */ = {isa = PBXFileReference; fileEncoding = 4; lastKnownFileType = sourcecode.c.objc; path = IBMakeArrays.m; sourceTree = "<group>"; };
		7ACA3E051AF52D0200102F57 /* Animation.h */ = {isa = PBXFileReference; fileEncoding = 4; lastKnownFileType = sourcecode.c.h; path = Animation.h; sourceTree = "<group>"; };
		7ACA3E061AF52D0200102F57 /* Animation.m */ = {isa = PBXFileReference; fileEncoding = 4; lastKnownFileType = sourcecode.c.objc; path = Animation.m; sourceTree = "<group>"; };
/* End PBXFileReference section */

/* Begin PBXFrameworksBuildPhase section */
		04795FAF1AE95CE000A47E0E /* Frameworks */ = {
			isa = PBXFrameworksBuildPhase;
			buildActionMask = 2147483647;
			files = (
				7A15A1511AF2A05900CE0AC4 /* UIKit.framework in Frameworks */,
				7A15A14F1AF2A05400CE0AC4 /* Foundation.framework in Frameworks */,
				7A15A14D1AF2A04D00CE0AC4 /* CoreGraphics.framework in Frameworks */,
				7A15A14B1AF2A04500CE0AC4 /* QuartzCore.framework in Frameworks */,
			);
			runOnlyForDeploymentPostprocessing = 0;
		};
		04795FC81AE95CE100A47E0E /* Frameworks */ = {
			isa = PBXFrameworksBuildPhase;
			buildActionMask = 2147483647;
			files = (
			);
			runOnlyForDeploymentPostprocessing = 0;
		};
/* End PBXFrameworksBuildPhase section */

/* Begin PBXGroup section */
		04795FA91AE95CE000A47E0E = {
			isa = PBXGroup;
			children = (
				7A793E391AF7CEBF00205869 /* Arrays */,
				7ACA3E041AF52CDC00102F57 /* Animation */,
				7A77B0581AF3FD37001D9F32 /* MenuViewController.h */,
				7A77B0591AF3FD37001D9F32 /* MenuViewController.m */,
				7A77B04F1AF3DEBF001D9F32 /* Photo */,
				7A15A1501AF2A05900CE0AC4 /* UIKit.framework */,
				7A15A14E1AF2A05400CE0AC4 /* Foundation.framework */,
				7A15A14C1AF2A04D00CE0AC4 /* CoreGraphics.framework */,
				7A15A14A1AF2A04500CE0AC4 /* QuartzCore.framework */,
				7A15A1471AF29DE400CE0AC4 /* IBCustomTableViewCell.h */,
				7A15A1481AF29DE400CE0AC4 /* IBCustomTableViewCell.m */,
				7A71CB5E1AEDAD9C0025517F /* DetailView */,
				04795FB41AE95CE000A47E0E /* Lesson 8 */,
				04795FCE1AE95CE100A47E0E /* Lesson 8Tests */,
				04795FB31AE95CE000A47E0E /* Products */,
			);
			sourceTree = "<group>";
		};
		04795FB31AE95CE000A47E0E /* Products */ = {
			isa = PBXGroup;
			children = (
				04795FB21AE95CE000A47E0E /* Lesson 8.app */,
				04795FCB1AE95CE100A47E0E /* Lesson 8Tests.xctest */,
			);
			name = Products;
			sourceTree = "<group>";
		};
		04795FB41AE95CE000A47E0E /* Lesson 8 */ = {
			isa = PBXGroup;
			children = (
				04795FB91AE95CE000A47E0E /* AppDelegate.h */,
				04795FBA1AE95CE000A47E0E /* AppDelegate.m */,
				04795FBC1AE95CE000A47E0E /* ViewController.h */,
				04795FBD1AE95CE000A47E0E /* ViewController.m */,
				04795FBF1AE95CE000A47E0E /* Main.storyboard */,
				04795FC21AE95CE000A47E0E /* Images.xcassets */,
				04795FC41AE95CE000A47E0E /* LaunchScreen.xib */,
				04795FB51AE95CE000A47E0E /* Supporting Files */,
			);
			path = "Lesson 8";
			sourceTree = "<group>";
		};
		04795FB51AE95CE000A47E0E /* Supporting Files */ = {
			isa = PBXGroup;
			children = (
				04795FB61AE95CE000A47E0E /* Info.plist */,
				04795FB71AE95CE000A47E0E /* main.m */,
			);
			name = "Supporting Files";
			sourceTree = "<group>";
		};
		04795FCE1AE95CE100A47E0E /* Lesson 8Tests */ = {
			isa = PBXGroup;
			children = (
				04795FD11AE95CE100A47E0E /* Lesson_8Tests.m */,
				04795FCF1AE95CE100A47E0E /* Supporting Files */,
			);
			path = "Lesson 8Tests";
			sourceTree = "<group>";
		};
		04795FCF1AE95CE100A47E0E /* Supporting Files */ = {
			isa = PBXGroup;
			children = (
				04795FD01AE95CE100A47E0E /* Info.plist */,
			);
			name = "Supporting Files";
			sourceTree = "<group>";
		};
		7A71CB5E1AEDAD9C0025517F /* DetailView */ = {
			isa = PBXGroup;
			children = (
				7A71CB5F1AEDADB90025517F /* IBDetailViewController.h */,
				7A71CB601AEDADB90025517F /* IBDetailViewController.m */,
			);
			name = DetailView;
			sourceTree = "<group>";
		};
		7A77B04F1AF3DEBF001D9F32 /* Photo */ = {
			isa = PBXGroup;
			children = (
				7A77B0501AF3E20D001D9F32 /* GLA.jpg */,
				7A77B0511AF3E20D001D9F32 /* CLS.jpg */,
				7A77B0521AF3E20D001D9F32 /* S.jpg */,
				7A71CB641AEDBF000025517F /* A8.jpg */,
				7A77B0491AF3DDF9001D9F32 /* A6.jpg */,
				7A77B04D1AF3DE92001D9F32 /* A7.jpg */,
			);
			name = Photo;
			sourceTree = "<group>";
		};
		7A793E391AF7CEBF00205869 /* Arrays */ = {
			isa = PBXGroup;
			children = (
				7A793E3A1AF7CEE800205869 /* IBMakeArrays.h */,
				7A793E3B1AF7CEE800205869 /* IBMakeArrays.m */,
			);
			name = Arrays;
			sourceTree = "<group>";
		};
		7ACA3E041AF52CDC00102F57 /* Animation */ = {
			isa = PBXGroup;
			children = (
				7ACA3E051AF52D0200102F57 /* Animation.h */,
				7ACA3E061AF52D0200102F57 /* Animation.m */,
			);
			name = Animation;
			sourceTree = "<group>";
		};
/* End PBXGroup section */

/* Begin PBXNativeTarget section */
		04795FB11AE95CE000A47E0E /* Lesson 8 */ = {
			isa = PBXNativeTarget;
			buildConfigurationList = 04795FD51AE95CE100A47E0E /* Build configuration list for PBXNativeTarget "Lesson 8" */;
			buildPhases = (
				04795FAE1AE95CE000A47E0E /* Sources */,
				04795FAF1AE95CE000A47E0E /* Frameworks */,
				04795FB01AE95CE000A47E0E /* Resources */,
			);
			buildRules = (
			);
			dependencies = (
			);
			name = "Lesson 8";
			productName = "Lesson 8";
			productReference = 04795FB21AE95CE000A47E0E /* Lesson 8.app */;
			productType = "com.apple.product-type.application";
		};
		04795FCA1AE95CE100A47E0E /* Lesson 8Tests */ = {
			isa = PBXNativeTarget;
			buildConfigurationList = 04795FD81AE95CE100A47E0E /* Build configuration list for PBXNativeTarget "Lesson 8Tests" */;
			buildPhases = (
				04795FC71AE95CE100A47E0E /* Sources */,
				04795FC81AE95CE100A47E0E /* Frameworks */,
				04795FC91AE95CE100A47E0E /* Resources */,
			);
			buildRules = (
			);
			dependencies = (
				04795FCD1AE95CE100A47E0E /* PBXTargetDependency */,
			);
			name = "Lesson 8Tests";
			productName = "Lesson 8Tests";
			productReference = 04795FCB1AE95CE100A47E0E /* Lesson 8Tests.xctest */;
			productType = "com.apple.product-type.bundle.unit-test";
		};
/* End PBXNativeTarget section */

/* Begin PBXProject section */
		04795FAA1AE95CE000A47E0E /* Project object */ = {
			isa = PBXProject;
			attributes = {
				LastUpgradeCheck = 0630;
				TargetAttributes = {
					04795FB11AE95CE000A47E0E = {
						CreatedOnToolsVersion = 6.3;
					};
					04795FCA1AE95CE100A47E0E = {
						CreatedOnToolsVersion = 6.3;
						TestTargetID = 04795FB11AE95CE000A47E0E;
					};
				};
			};
			buildConfigurationList = 04795FAD1AE95CE000A47E0E /* Build configuration list for PBXProject "Lesson 8" */;
			compatibilityVersion = "Xcode 3.2";
			developmentRegion = English;
			hasScannedForEncodings = 0;
			knownRegions = (
				en,
				Base,
			);
			mainGroup = 04795FA91AE95CE000A47E0E;
			productRefGroup = 04795FB31AE95CE000A47E0E /* Products */;
			projectDirPath = "";
			projectRoot = "";
			targets = (
				04795FB11AE95CE000A47E0E /* Lesson 8 */,
				04795FCA1AE95CE100A47E0E /* Lesson 8Tests */,
			);
		};
/* End PBXProject section */

/* Begin PBXResourcesBuildPhase section */
		04795FB01AE95CE000A47E0E /* Resources */ = {
			isa = PBXResourcesBuildPhase;
			buildActionMask = 2147483647;
			files = (
				7A77B0541AF3E20D001D9F32 /* CLS.jpg in Resources */,
				7A77B0531AF3E20D001D9F32 /* GLA.jpg in Resources */,
				04795FC11AE95CE000A47E0E /* Main.storyboard in Resources */,
				7A77B04E1AF3DE92001D9F32 /* A7.jpg in Resources */,
				7A77B0551AF3E20D001D9F32 /* S.jpg in Resources */,
				04795FC61AE95CE000A47E0E /* LaunchScreen.xib in Resources */,
				04795FC31AE95CE000A47E0E /* Images.xcassets in Resources */,
				7A71CB671AEDBF000025517F /* A8.jpg in Resources */,
				7A77B04B1AF3DDF9001D9F32 /* A6.jpg in Resources */,
			);
			runOnlyForDeploymentPostprocessing = 0;
		};
		04795FC91AE95CE100A47E0E /* Resources */ = {
			isa = PBXResourcesBuildPhase;
			buildActionMask = 2147483647;
			files = (
			);
			runOnlyForDeploymentPostprocessing = 0;
		};
/* End PBXResourcesBuildPhase section */

/* Begin PBXSourcesBuildPhase section */
		04795FAE1AE95CE000A47E0E /* Sources */ = {
			isa = PBXSourcesBuildPhase;
			buildActionMask = 2147483647;
			files = (
				7A15A1491AF29DE400CE0AC4 /* IBCustomTableViewCell.m in Sources */,
				7A77B05A1AF3FD37001D9F32 /* MenuViewController.m in Sources */,
				7ACA3E071AF52D0200102F57 /* Animation.m in Sources */,
				7A71CB611AEDADB90025517F /* IBDetailViewController.m in Sources */,
				7A793E3C1AF7CEE800205869 /* IBMakeArrays.m in Sources */,
				04795FBE1AE95CE000A47E0E /* ViewController.m in Sources */,
				04795FBB1AE95CE000A47E0E /* AppDelegate.m in Sources */,
				04795FB81AE95CE000A47E0E /* main.m in Sources */,
			);
			runOnlyForDeploymentPostprocessing = 0;
		};
		04795FC71AE95CE100A47E0E /* Sources */ = {
			isa = PBXSourcesBuildPhase;
			buildActionMask = 2147483647;
			files = (
				04795FD21AE95CE100A47E0E /* Lesson_8Tests.m in Sources */,
			);
			runOnlyForDeploymentPostprocessing = 0;
		};
/* End PBXSourcesBuildPhase section */

/* Begin PBXTargetDependency section */
		04795FCD1AE95CE100A47E0E /* PBXTargetDependency */ = {
			isa = PBXTargetDependency;
			target = 04795FB11AE95CE000A47E0E /* Lesson 8 */;
			targetProxy = 04795FCC1AE95CE100A47E0E /* PBXContainerItemProxy */;
		};
/* End PBXTargetDependency section */

/* Begin PBXVariantGroup section */
		04795FBF1AE95CE000A47E0E /* Main.storyboard */ = {
			isa = PBXVariantGroup;
			children = (
				04795FC01AE95CE000A47E0E /* Base */,
			);
			name = Main.storyboard;
			sourceTree = "<group>";
		};
		04795FC41AE95CE000A47E0E /* LaunchScreen.xib */ = {
			isa = PBXVariantGroup;
			children = (
				04795FC51AE95CE000A47E0E /* Base */,
			);
			name = LaunchScreen.xib;
			sourceTree = "<group>";
		};
/* End PBXVariantGroup section */

/* Begin XCBuildConfiguration section */
		04795FD31AE95CE100A47E0E /* Debug */ = {
			isa = XCBuildConfiguration;
			buildSettings = {
				ALWAYS_SEARCH_USER_PATHS = NO;
				CLANG_CXX_LANGUAGE_STANDARD = "gnu++0x";
				CLANG_CXX_LIBRARY = "libc++";
				CLANG_ENABLE_MODULES = YES;
				CLANG_ENABLE_OBJC_ARC = YES;
				CLANG_WARN_BOOL_CONVERSION = YES;
				CLANG_WARN_CONSTANT_CONVERSION = YES;
				CLANG_WARN_DIRECT_OBJC_ISA_USAGE = YES_ERROR;
				CLANG_WARN_EMPTY_BODY = YES;
				CLANG_WARN_ENUM_CONVERSION = YES;
				CLANG_WARN_INT_CONVERSION = YES;
				CLANG_WARN_OBJC_ROOT_CLASS = YES_ERROR;
				CLANG_WARN_UNREACHABLE_CODE = YES;
				CLANG_WARN__DUPLICATE_METHOD_MATCH = YES;
				"CODE_SIGN_IDENTITY[sdk=iphoneos*]" = "iPhone Developer";
				COPY_PHASE_STRIP = NO;
				DEBUG_INFORMATION_FORMAT = "dwarf-with-dsym";
				ENABLE_STRICT_OBJC_MSGSEND = YES;
				GCC_C_LANGUAGE_STANDARD = gnu99;
				GCC_DYNAMIC_NO_PIC = NO;
				GCC_NO_COMMON_BLOCKS = YES;
				GCC_OPTIMIZATION_LEVEL = 0;
				GCC_PREPROCESSOR_DEFINITIONS = (
					"DEBUG=1",
					"$(inherited)",
				);
				GCC_SYMBOLS_PRIVATE_EXTERN = NO;
				GCC_WARN_64_TO_32_BIT_CONVERSION = YES;
				GCC_WARN_ABOUT_RETURN_TYPE = YES_ERROR;
				GCC_WARN_UNDECLARED_SELECTOR = YES;
				GCC_WARN_UNINITIALIZED_AUTOS = YES_AGGRESSIVE;
				GCC_WARN_UNUSED_FUNCTION = YES;
				GCC_WARN_UNUSED_VARIABLE = YES;
				IPHONEOS_DEPLOYMENT_TARGET = 8.3;
				MTL_ENABLE_DEBUG_INFO = YES;
				ONLY_ACTIVE_ARCH = YES;
				SDKROOT = iphoneos;
				TARGETED_DEVICE_FAMILY = "1,2";
			};
			name = Debug;
		};
		04795FD41AE95CE100A47E0E /* Release */ = {
			isa = XCBuildConfiguration;
			buildSettings = {
				ALWAYS_SEARCH_USER_PATHS = NO;
				CLANG_CXX_LANGUAGE_STANDARD = "gnu++0x";
				CLANG_CXX_LIBRARY = "libc++";
				CLANG_ENABLE_MODULES = YES;
				CLANG_ENABLE_OBJC_ARC = YES;
				CLANG_WARN_BOOL_CONVERSION = YES;
				CLANG_WARN_CONSTANT_CONVERSION = YES;
				CLANG_WARN_DIRECT_OBJC_ISA_USAGE = YES_ERROR;
				CLANG_WARN_EMPTY_BODY = YES;
				CLANG_WARN_ENUM_CONVERSION = YES;
				CLANG_WARN_INT_CONVERSION = YES;
				CLANG_WARN_OBJC_ROOT_CLASS = YES_ERROR;
				CLANG_WARN_UNREACHABLE_CODE = YES;
				CLANG_WARN__DUPLICATE_METHOD_MATCH = YES;
				"CODE_SIGN_IDENTITY[sdk=iphoneos*]" = "iPhone Developer";
				COPY_PHASE_STRIP = NO;
				DEBUG_INFORMATION_FORMAT = "dwarf-with-dsym";
				ENABLE_NS_ASSERTIONS = NO;
				ENABLE_STRICT_OBJC_MSGSEND = YES;
				GCC_C_LANGUAGE_STANDARD = gnu99;
				GCC_NO_COMMON_BLOCKS = YES;
				GCC_WARN_64_TO_32_BIT_CONVERSION = YES;
				GCC_WARN_ABOUT_RETURN_TYPE = YES_ERROR;
				GCC_WARN_UNDECLARED_SELECTOR = YES;
				GCC_WARN_UNINITIALIZED_AUTOS = YES_AGGRESSIVE;
				GCC_WARN_UNUSED_FUNCTION = YES;
				GCC_WARN_UNUSED_VARIABLE = YES;
				IPHONEOS_DEPLOYMENT_TARGET = 8.3;
				MTL_ENABLE_DEBUG_INFO = NO;
				SDKROOT = iphoneos;
				TARGETED_DEVICE_FAMILY = "1,2";
				VALIDATE_PRODUCT = YES;
			};
			name = Release;
		};
		04795FD61AE95CE100A47E0E /* Debug */ = {
			isa = XCBuildConfiguration;
			buildSettings = {
				ASSETCATALOG_COMPILER_APPICON_NAME = AppIcon;
				INFOPLIST_FILE = "Lesson 8/Info.plist";
				LD_RUNPATH_SEARCH_PATHS = "$(inherited) @executable_path/Frameworks";
				PRODUCT_NAME = "$(TARGET_NAME)";
			};
			name = Debug;
		};
		04795FD71AE95CE100A47E0E /* Release */ = {
			isa = XCBuildConfiguration;
			buildSettings = {
				ASSETCATALOG_COMPILER_APPICON_NAME = AppIcon;
				INFOPLIST_FILE = "Lesson 8/Info.plist";
				LD_RUNPATH_SEARCH_PATHS = "$(inherited) @executable_path/Frameworks";
				PRODUCT_NAME = "$(TARGET_NAME)";
			};
			name = Release;
		};
		04795FD91AE95CE100A47E0E /* Debug */ = {
			isa = XCBuildConfiguration;
			buildSettings = {
				BUNDLE_LOADER = "$(TEST_HOST)";
				FRAMEWORK_SEARCH_PATHS = (
					"$(SDKROOT)/Developer/Library/Frameworks",
					"$(inherited)",
				);
				GCC_PREPROCESSOR_DEFINITIONS = (
					"DEBUG=1",
					"$(inherited)",
				);
				INFOPLIST_FILE = "Lesson 8Tests/Info.plist";
				LD_RUNPATH_SEARCH_PATHS = "$(inherited) @executable_path/Frameworks @loader_path/Frameworks";
				PRODUCT_NAME = "$(TARGET_NAME)";
				TEST_HOST = "$(BUILT_PRODUCTS_DIR)/Lesson 8.app/Lesson 8";
			};
			name = Debug;
		};
		04795FDA1AE95CE100A47E0E /* Release */ = {
			isa = XCBuildConfiguration;
			buildSettings = {
				BUNDLE_LOADER = "$(TEST_HOST)";
				FRAMEWORK_SEARCH_PATHS = (
					"$(SDKROOT)/Developer/Library/Frameworks",
					"$(inherited)",
				);
				INFOPLIST_FILE = "Lesson 8Tests/Info.plist";
				LD_RUNPATH_SEARCH_PATHS = "$(inherited) @executable_path/Frameworks @loader_path/Frameworks";
				PRODUCT_NAME = "$(TARGET_NAME)";
				TEST_HOST = "$(BUILT_PRODUCTS_DIR)/Lesson 8.app/Lesson 8";
			};
			name = Release;
		};
/* End XCBuildConfiguration section */

/* Begin XCConfigurationList section */
		04795FAD1AE95CE000A47E0E /* Build configuration list for PBXProject "Lesson 8" */ = {
			isa = XCConfigurationList;
			buildConfigurations = (
				04795FD31AE95CE100A47E0E /* Debug */,
				04795FD41AE95CE100A47E0E /* Release */,
			);
			defaultConfigurationIsVisible = 0;
			defaultConfigurationName = Release;
		};
		04795FD51AE95CE100A47E0E /* Build configuration list for PBXNativeTarget "Lesson 8" */ = {
			isa = XCConfigurationList;
			buildConfigurations = (
				04795FD61AE95CE100A47E0E /* Debug */,
				04795FD71AE95CE100A47E0E /* Release */,
			);
			defaultConfigurationIsVisible = 0;
			defaultConfigurationName = Release;
		};
		04795FD81AE95CE100A47E0E /* Build configuration list for PBXNativeTarget "Lesson 8Tests" */ = {
			isa = XCConfigurationList;
			buildConfigurations = (
				04795FD91AE95CE100A47E0E /* Debug */,
				04795FDA1AE95CE100A47E0E /* Release */,
			);
			defaultConfigurationIsVisible = 0;
			defaultConfigurationName = Release;
		};
/* End XCConfigurationList section */
	};
	rootObject = 04795FAA1AE95CE000A47E0E /* Project object */;
}
